{
  "nodes": {
    "buildRoot": {
      "flake": false,
      "locked": {
        "lastModified": 1,
        "narHash": "sha256-yRWqg3j6K5NcRHcioFRRrFovfHlh3rIPiN2tdq/9TUs=",
        "path": "dummy-kernel-build",
        "type": "path"
      },
      "original": {
        "path": "dummy-kernel-build",
        "type": "path"
      }
    },
    "nixpkgs": {
      "locked": {
        "lastModified": 1784134752,
        "narHash": "sha256-a+hmLkY9g9fhW8WuyAb59wKl/BcNL9ZjaFuYabHeFI8=",
        "owner": "NixOS",
        "repo": "nixpkgs",
        "rev": "3513870dbc6d0f53df3b0ac9a6e450b142064f9b",
        "type": "github"
      },
      "original": {
        "owner": "NixOS",
        "repo": "nixpkgs",
        "type": "github"
      }
    },
    "root": {
      "inputs": {
        "buildRoot": "buildRoot",
        "nixpkgs": "nixpkgs",
        "src": "src",
        "utils": "utils"
      }
    },
    "src": {
      "flake": false,
      "locked": {
        "narHash": "sha256-G4d7pVu2rCRES0KH2kycIpLP5Hk5hLC+IBf7l5anZPc=",
        "type": "file",
        "url": "https://evilpiepirate.org/git/bcachefs.git"
      },
      "original": {
        "type": "file",
        "url": "https://evilpiepirate.org/git/bcachefs.git"
      }
    },
    "systems": {
      "locked": {
        "lastModified": 1681028828,
        "narHash": "sha256-Vy1rq5AaRuLzOxct8nz4T6wlgyUR7zLU309k9mBC768=",
        "owner": "nix-systems",
        "repo": "default",
        "rev": "da67096a3b9bf56a91d16901293e51ba5b49a27e",
        "type": "github"
      },
      "original": {
        "owner": "nix-systems",
        "repo": "default",
        "type": "github"
      }
    },
    "utils": {
      "inputs": {
        "systems": "systems"
      },
      "locked": {
        "lastModified": 1731533236,
        "narHash": "sha256-l0KFg5HjrsfsO/JpG+r7fRrqm12kzFHyUHqHCVpMMbI=",
        "owner": "numtide",
        "repo": "flake-utils",
        "rev": "11707dc2f618dd54ca8739b309ec4fc024de578b",
        "type": "github"
      },
      "original": {
        "owner": "numtide",
        "repo": "flake-utils",
        "type": "github"
      }
    }
  },
  "root": "root",
  "version": 7
}
